
Microsoft Visual Studio Solution File, Format Version 12.00
Project("{FAE04EC0-301F-11D3-BF4B-00C04F79EFBC}") = "BalloonDotNet", "BalloonDotNet\BalloonDotNet.csproj", "{E8F6A31D-B0C8-4980-8D78-AF5E49EDEFB3}"
EndProject
Project("{FAE04EC0-301F-11D3-BF4B-00C04F79EFBC}") = "BalloonDotNet.Tests", "BalloonDotNet.Tests\BalloonDotNet.Tests.csproj", "{EC141642-7642-48B4-9DBC-DF10DF700F44}"
EndProject
Global
	GlobalSection(SolutionConfigurationPlatforms) = preSolution
		Debug|Any CPU = Debug|Any CPU
		Release|Any CPU = Release|Any CPU
	EndGlobalSection
	GlobalSection(ProjectConfigurationPlatforms) = postSolution
		{E8F6A31D-B0C8-4980-8D78-AF5E49EDEFB3}.Debug|Any CPU.ActiveCfg = Debug|Any CPU
		{E8F6A31D-B0C8-4980-8D78-AF5E49EDEFB3}.Debug|Any CPU.Build.0 = Debug|Any CPU
		{E8F6A31D-B0C8-4980-8D78-AF5E49EDEFB3}.Release|Any CPU.ActiveCfg = Release|Any CPU
		{E8F6A31D-B0C8-4980-8D78-AF5E49EDEFB3}.Release|Any CPU.Build.0 = Release|Any CPU
		{EC141642-7642-48B4-9DBC-DF10DF700F44}.Debug|Any CPU.ActiveCfg = Debug|Any CPU
		{EC141642-7642-48B4-9DBC-DF10DF700F44}.Debug|Any CPU.Build.0 = Debug|Any CPU
		{EC141642-7642-48B4-9DBC-DF10DF700F44}.Release|Any CPU.ActiveCfg = Release|Any CPU
		{EC141642-7642-48B4-9DBC-DF10DF700F44}.Release|Any CPU.Build.0 = Release|Any CPU
	EndGlobalSection
EndGlobal
